
Microsoft Visual Studio Solution File, Format Version 12.00
# Visual Studio Version 16
VisualStudioVersion = 16.0.31025.194
MinimumVisualStudioVersion = 10.0.40219.1
Project("{FAE04EC0-301F-11D3-BF4B-00C04F79EFBC}") = "JustNumber", "JustNumber\JustNumber.csproj", "{AA685429-CA9E-4996-9AA8-AAC5083A4333}"
EndProject
Global
	GlobalSection(SolutionConfigurationPlatforms) = preSolution
		Debug|Any CPU = Debug|Any CPU
		Release|Any CPU = Release|Any CPU
	EndGlobalSection
	GlobalSection(ProjectConfigurationPlatforms) = postSolution
		{AA685429-CA9E-4996-9AA8-AAC5083A4333}.Debug|Any CPU.ActiveCfg = Debug|Any CPU
		{AA685429-CA9E-4996-9AA8-AAC5083A4333}.Debug|Any CPU.Build.0 = Debug|Any CPU
		{AA685429-CA9E-4996-9AA8-AAC5083A4333}.Release|Any CPU.ActiveCfg = Release|Any CPU
		{AA685429-CA9E-4996-9AA8-AAC5083A4333}.Release|Any CPU.Build.0 = Release|Any CPU
	EndGlobalSection
	GlobalSection(SolutionProperties) = preSolution
		HideSolutionNode = FALSE
	EndGlobalSection
	GlobalSection(ExtensibilityGlobals) = postSolution
		SolutionGuid = {B9DBDDCE-127D-492E-BC79-AD81CFFA3ACA}
	EndGlobalSection
EndGlobal
